
Microsoft Visual Studio Solution File, Format Version 12.00
# Visual Studio Version 17
VisualStudioVersion = 17.7.34221.43
MinimumVisualStudioVersion = 10.0.40219.1
Project("{FAE04EC0-301F-11D3-BF4B-00C04F79EFBC}") = "FPTJOB", "FPTJOB.csproj", "{16BBF379-1FE6-4B0B-B1A1-1E938BCFF154}"
EndProject
Global
	GlobalSection(SolutionConfigurationPlatforms) = preSolution
		Debug|Any CPU = Debug|Any CPU
		Release|Any CPU = Release|Any CPU
	EndGlobalSection
	GlobalSection(ProjectConfigurationPlatforms) = postSolution
		{16BBF379-1FE6-4B0B-B1A1-1E938BCFF154}.Debug|Any CPU.ActiveCfg = Debug|Any CPU
		{16BBF379-1FE6-4B0B-B1A1-1E938BCFF154}.Debug|Any CPU.Build.0 = Debug|Any CPU
		{16BBF379-1FE6-4B0B-B1A1-1E938BCFF154}.Release|Any CPU.ActiveCfg = Release|Any CPU
		{16BBF379-1FE6-4B0B-B1A1-1E938BCFF154}.Release|Any CPU.Build.0 = Release|Any CPU
	EndGlobalSection
	GlobalSection(SolutionProperties) = preSolution
		HideSolutionNode = FALSE
	EndGlobalSection
	GlobalSection(ExtensibilityGlobals) = postSolution
		SolutionGuid = {1EA2F59D-F2DB-49BF-9D42-9DCDBD0EA134}
	EndGlobalSection
EndGlobal
